PODS:
  - IQKeyboardManagerSwift (4.0.9)
  - SnapKit (3.2.0)
  - Toaster (2.0.3)

DEPENDENCIES:
  - IQKeyboardManagerSwift
  - SnapKit
  - Toaster

SPEC CHECKSUMS:
  IQKeyboardManagerSwift: 2eefe6c429b86aa08bfbc1b5c891164d754adf91
  SnapKit: 1ca44df72cfa543218d177cb8aab029d10d86ea7
  Toaster: 77c0b03d78e680bbbab0071c9c7ee392b0034010

PODFILE CHECKSUM: 291337ea6ebcd5af4e7a29b5317a99b6f0058dde

COCOAPODS: 1.2.1
